// !$*UTF8*$!
{
	archiveVersion = 1;
	classes = {
	};
	objectVersion = 50;
	objects = {

/* Begin PBXBuildFile section */
		17C5D7A32294CD6800B57F0D /* AppDelegate.swift in Sources */ = {isa = PBXBuildFile; fileRef = 17C5D7A22294CD6800B57F0D /* AppDelegate.swift */; };
		17C5D7A52294CD6800B57F0D /* ViewController.swift in Sources */ = {isa = PBXBuildFile; fileRef = 17C5D7A42294CD6800B57F0D /* ViewController.swift */; };
		17C5D7A82294CD6800B57F0D /* Main.storyboard in Resources */ = {isa = PBXBuildFile; fileRef = 17C5D7A62294CD6800B57F0D /* Main.storyboard */; };
		17C5D7AA2294CD6A00B57F0D /* Assets.xcassets in Resources */ = {isa = PBXBuildFile; fileRef = 17C5D7A92294CD6A00B57F0D /* Assets.xcassets */; };
		17C5D7AD2294CD6A00B57F0D /* LaunchScreen.storyboard in Resources */ = {isa = PBXBuildFile; fileRef = 17C5D7AB2294CD6A00B57F0D /* LaunchScreen.storyboard */; };
		17C5D7B82294CD6A00B57F0D /* PocketKevinLauTests.swift in Sources */ = {isa = PBXBuildFile; fileRef = 17C5D7B72294CD6A00B57F0D /* PocketKevinLauTests.swift */; };
		17C5D7C32294CD6A00B57F0D /* PocketKevinLauUITests.swift in Sources */ = {isa = PBXBuildFile; fileRef = 17C5D7C22294CD6A00B57F0D /* PocketKevinLauUITests.swift */; };
/* End PBXBuildFile section */

/* Begin PBXContainerItemProxy section */
		17C5D7B42294CD6A00B57F0D /* PBXContainerItemProxy */ = {
			isa = PBXContainerItemProxy;
			containerPortal = 17C5D7972294CD6800B57F0D /* Project object */;
			proxyType = 1;
			remoteGlobalIDString = 17C5D79E2294CD6800B57F0D;
			remoteInfo = PocketKevinLau;
		};
		17C5D7BF2294CD6A00B57F0D /* PBXContainerItemProxy */ = {
			isa = PBXContainerItemProxy;
			containerPortal = 17C5D7972294CD6800B57F0D /* Project object */;
			proxyType = 1;
			remoteGlobalIDString = 17C5D79E2294CD6800B57F0D;
			remoteInfo = PocketKevinLau;
		};
/* End PBXContainerItemProxy section */

/* Begin PBXFileReference section */
		17C5D79F2294CD6800B57F0D /* PocketKevinLau.app */ = {isa = PBXFileReference; explicitFileType = wrapper.application; includeInIndex = 0; path = PocketKevinLau.app; sourceTree = BUILT_PRODUCTS_DIR; };
		17C5D7A22294CD6800B57F0D /* AppDelegate.swift */ = {isa = PBXFileReference; lastKnownFileType = sourcecode.swift; path = AppDelegate.swift; sourceTree = "<group>"; };
		17C5D7A42294CD6800B57F0D /* ViewController.swift */ = {isa = PBXFileReference; lastKnownFileType = sourcecode.swift; path = ViewController.swift; sourceTree = "<group>"; };
		17C5D7A72294CD6800B57F0D /* Base */ = {isa = PBXFileReference; lastKnownFileType = file.storyboard; name = Base; path = Base.lproj/Main.storyboard; sourceTree = "<group>"; };
		17C5D7A92294CD6A00B57F0D /* Assets.xcassets */ = {isa = PBXFileReference; lastKnownFileType = folder.assetcatalog; path = Assets.xcassets; sourceTree = "<group>"; };
		17C5D7AC2294CD6A00B57F0D /* Base */ = {isa = PBXFileReference; lastKnownFileType = file.storyboard; name = Base; path = Base.lproj/LaunchScreen.storyboard; sourceTree = "<group>"; };
		17C5D7AE2294CD6A00B57F0D /* Info.plist */ = {isa = PBXFileReference; lastKnownFileType = text.plist.xml; path = Info.plist; sourceTree = "<group>"; };
		17C5D7B32294CD6A00B57F0D /* PocketKevinLauTests.xctest */ = {isa = PBXFileReference; explicitFileType = wrapper.cfbundle; includeInIndex = 0; path = PocketKevinLauTests.xctest; sourceTree = BUILT_PRODUCTS_DIR; };
		17C5D7B72294CD6A00B57F0D /* PocketKevinLauTests.swift */ = {isa = PBXFileReference; lastKnownFileType = sourcecode.swift; path = PocketKevinLauTests.swift; sourceTree = "<group>"; };
		17C5D7B92294CD6A00B57F0D /* Info.plist */ = {isa = PBXFileReference; lastKnownFileType = text.plist.xml; path = Info.plist; sourceTree = "<group>"; };
		17C5D7BE2294CD6A00B57F0D /* PocketKevinLauUITests.xctest */ = {isa = PBXFileReference; explicitFileType = wrapper.cfbundle; includeInIndex = 0; path = PocketKevinLauUITests.xctest; sourceTree = BUILT_PRODUCTS_DIR; };
		17C5D7C22294CD6A00B57F0D /* PocketKevinLauUITests.swift */ = {isa = PBXFileReference; lastKnownFileType = sourcecode.swift; path = PocketKevinLauUITests.swift; sourceTree = "<group>"; };
		17C5D7C42294CD6A00B57F0D /* Info.plist */ = {isa = PBXFileReference; lastKnownFileType = text.plist.xml; path = Info.plist; sourceTree = "<group>"; };
/* End PBXFileReference section */

/* Begin PBXFrameworksBuildPhase section */
		17C5D79C2294CD6800B57F0D /* Frameworks */ = {
			isa = PBXFrameworksBuildPhase;
			buildActionMask = 2147483647;
			files = (
			);
			runOnlyForDeploymentPostprocessing = 0;
		};
		17C5D7B02294CD6A00B57F0D /* Frameworks */ = {
			isa = PBXFrameworksBuildPhase;
			buildActionMask = 2147483647;
			files = (
			);
			runOnlyForDeploymentPostprocessing = 0;
		};
		17C5D7BB2294CD6A00B57F0D /* Frameworks */ = {
			isa = PBXFrameworksBuildPhase;
			buildActionMask = 2147483647;
			files = (
			);
			runOnlyForDeploymentPostprocessing = 0;
		};
/* End PBXFrameworksBuildPhase section */

/* Begin PBXGroup section */
		17C5D7962294CD6800B57F0D = {
			isa = PBXGroup;
			children = (
				17C5D7A12294CD6800B57F0D /* PocketKevinLau */,
				17C5D7B62294CD6A00B57F0D /* PocketKevinLauTests */,
				17C5D7C12294CD6A00B57F0D /* PocketKevinLauUITests */,
				17C5D7A02294CD6800B57F0D /* Products */,
			);
			sourceTree = "<group>";
		};
		17C5D7A02294CD6800B57F0D /* Products */ = {
			isa = PBXGroup;
			children = (
				17C5D79F2294CD6800B57F0D /* PocketKevinLau.app */,
				17C5D7B32294CD6A00B57F0D /* PocketKevinLauTests.xctest */,
				17C5D7BE2294CD6A00B57F0D /* PocketKevinLauUITests.xctest */,
			);
			name = Products;
			sourceTree = "<group>";
		};
		17C5D7A12294CD6800B57F0D /* PocketKevinLau */ = {
			isa = PBXGroup;
			children = (
				17C5D7A22294CD6800B57F0D /* AppDelegate.swift */,
				17C5D7A42294CD6800B57F0D /* ViewController.swift */,
				17C5D7A62294CD6800B57F0D /* Main.storyboard */,
				17C5D7A92294CD6A00B57F0D /* Assets.xcassets */,
				17C5D7AB2294CD6A00B57F0D /* LaunchScreen.storyboard */,
				17C5D7AE2294CD6A00B57F0D /* Info.plist */,
			);
			path = PocketKevinLau;
			sourceTree = "<group>";
		};
		17C5D7B62294CD6A00B57F0D /* PocketKevinLauTests */ = {
			isa = PBXGroup;
			children = (
				17C5D7B72294CD6A00B57F0D /* PocketKevinLauTests.swift */,
				17C5D7B92294CD6A00B57F0D /* Info.plist */,
			);
			path = PocketKevinLauTests;
			sourceTree = "<group>";
		};
		17C5D7C12294CD6A00B57F0D /* PocketKevinLauUITests */ = {
			isa = PBXGroup;
			children = (
				17C5D7C22294CD6A00B57F0D /* PocketKevinLauUITests.swift */,
				17C5D7C42294CD6A00B57F0D /* Info.plist */,
			);
			path = PocketKevinLauUITests;
			sourceTree = "<group>";
		};
/* End PBXGroup section */

/* Begin PBXNativeTarget section */
		17C5D79E2294CD6800B57F0D /* PocketKevinLau */ = {
			isa = PBXNativeTarget;
			buildConfigurationList = 17C5D7C72294CD6A00B57F0D /* Build configuration list for PBXNativeTarget "PocketKevinLau" */;
			buildPhases = (
				17C5D79B2294CD6800B57F0D /* Sources */,
				17C5D79C2294CD6800B57F0D /* Frameworks */,
				17C5D79D2294CD6800B57F0D /* Resources */,
			);
			buildRules = (
			);
			dependencies = (
			);
			name = PocketKevinLau;
			productName = PocketKevinLau;
			productReference = 17C5D79F2294CD6800B57F0D /* PocketKevinLau.app */;
			productType = "com.apple.product-type.application";
		};
		17C5D7B22294CD6A00B57F0D /* PocketKevinLauTests */ = {
			isa = PBXNativeTarget;
			buildConfigurationList = 17C5D7CA2294CD6A00B57F0D /* Build configuration list for PBXNativeTarget "PocketKevinLauTests" */;
			buildPhases = (
				17C5D7AF2294CD6A00B57F0D /* Sources */,
				17C5D7B02294CD6A00B57F0D /* Frameworks */,
				17C5D7B12294CD6A00B57F0D /* Resources */,
			);
			buildRules = (
			);
			dependencies = (
				17C5D7B52294CD6A00B57F0D /* PBXTargetDependency */,
			);
			name = PocketKevinLauTests;
			productName = PocketKevinLauTests;
			productReference = 17C5D7B32294CD6A00B57F0D /* PocketKevinLauTests.xctest */;
			productType = "com.apple.product-type.bundle.unit-test";
		};
		17C5D7BD2294CD6A00B57F0D /* PocketKevinLauUITests */ = {
			isa = PBXNativeTarget;
			buildConfigurationList = 17C5D7CD2294CD6A00B57F0D /* Build configuration list for PBXNativeTarget "PocketKevinLauUITests" */;
			buildPhases = (
				17C5D7BA2294CD6A00B57F0D /* Sources */,
				17C5D7BB2294CD6A00B57F0D /* Frameworks */,
				17C5D7BC2294CD6A00B57F0D /* Resources */,
			);
			buildRules = (
			);
			dependencies = (
				17C5D7C02294CD6A00B57F0D /* PBXTargetDependency */,
			);
			name = PocketKevinLauUITests;
			productName = PocketKevinLauUITests;
			productReference = 17C5D7BE2294CD6A00B57F0D /* PocketKevinLauUITests.xctest */;
			productType = "com.apple.product-type.bundle.ui-testing";
		};
/* End PBXNativeTarget section */

/* Begin PBXProject section */
		17C5D7972294CD6800B57F0D /* Project object */ = {
			isa = PBXProject;
			attributes = {
				LastSwiftUpdateCheck = 1020;
				LastUpgradeCheck = 1020;
				ORGANIZATIONNAME = "xue qi liao";
				TargetAttributes = {
					17C5D79E2294CD6800B57F0D = {
						CreatedOnToolsVersion = 10.2.1;
					};
					17C5D7B22294CD6A00B57F0D = {
						CreatedOnToolsVersion = 10.2.1;
						TestTargetID = 17C5D79E2294CD6800B57F0D;
					};
					17C5D7BD2294CD6A00B57F0D = {
						CreatedOnToolsVersion = 10.2.1;
						TestTargetID = 17C5D79E2294CD6800B57F0D;
					};
				};
			};
			buildConfigurationList = 17C5D79A2294CD6800B57F0D /* Build configuration list for PBXProject "PocketKevinLau" */;
			compatibilityVersion = "Xcode 9.3";
			developmentRegion = en;
			hasScannedForEncodings = 0;
			knownRegions = (
				en,
				Base,
			);
			mainGroup = 17C5D7962294CD6800B57F0D;
			productRefGroup = 17C5D7A02294CD6800B57F0D /* Products */;
			projectDirPath = "";
			projectRoot = "";
			targets = (
				17C5D79E2294CD6800B57F0D /* PocketKevinLau */,
				17C5D7B22294CD6A00B57F0D /* PocketKevinLauTests */,
				17C5D7BD2294CD6A00B57F0D /* PocketKevinLauUITests */,
			);
		};
/* End PBXProject section */

/* Begin PBXResourcesBuildPhase section */
		17C5D79D2294CD6800B57F0D /* Resources */ = {
			isa = PBXResourcesBuildPhase;
			buildActionMask = 2147483647;
			files = (
				17C5D7AD2294CD6A00B57F0D /* LaunchScreen.storyboard in Resources */,
				17C5D7AA2294CD6A00B57F0D /* Assets.xcassets in Resources */,
				17C5D7A82294CD6800B57F0D /* Main.storyboard in Resources */,
			);
			runOnlyForDeploymentPostprocessing = 0;
		};
		17C5D7B12294CD6A00B57F0D /* Resources */ = {
			isa = PBXResourcesBuildPhase;
			buildActionMask = 2147483647;
			files = (
			);
			runOnlyForDeploymentPostprocessing = 0;
		};
		17C5D7BC2294CD6A00B57F0D /* Resources */ = {
			isa = PBXResourcesBuildPhase;
			buildActionMask = 2147483647;
			files = (
			);
			runOnlyForDeploymentPostprocessing = 0;
		};
/* End PBXResourcesBuildPhase section */

/* Begin PBXSourcesBuildPhase section */
		17C5D79B2294CD6800B57F0D /* Sources */ = {
			isa = PBXSourcesBuildPhase;
			buildActionMask = 2147483647;
			files = (
				17C5D7A52294CD6800B57F0D /* ViewController.swift in Sources */,
				17C5D7A32294CD6800B57F0D /* AppDelegate.swift in Sources */,
			);
			runOnlyForDeploymentPostprocessing = 0;
		};
		17C5D7AF2294CD6A00B57F0D /* Sources */ = {
			isa = PBXSourcesBuildPhase;
			buildActionMask = 2147483647;
			files = (
				17C5D7B82294CD6A00B57F0D /* PocketKevinLauTests.swift in Sources */,
			);
			runOnlyForDeploymentPostprocessing = 0;
		};
		17C5D7BA2294CD6A00B57F0D /* Sources */ = {
			isa = PBXSourcesBuildPhase;
			buildActionMask = 2147483647;
			files = (
				17C5D7C32294CD6A00B57F0D /* PocketKevinLauUITests.swift in Sources */,
			);
			runOnlyForDeploymentPostprocessing = 0;
		};
/* End PBXSourcesBuildPhase section */

/* Begin PBXTargetDependency section */
		17C5D7B52294CD6A00B57F0D /* PBXTargetDependency */ = {
			isa = PBXTargetDependency;
			target = 17C5D79E2294CD6800B57F0D /* PocketKevinLau */;
			targetProxy = 17C5D7B42294CD6A00B57F0D /* PBXContainerItemProxy */;
		};
		17C5D7C02294CD6A00B57F0D /* PBXTargetDependency */ = {
			isa = PBXTargetDependency;
			target = 17C5D79E2294CD6800B57F0D /* PocketKevinLau */;
			targetProxy = 17C5D7BF2294CD6A00B57F0D /* PBXContainerItemProxy */;
		};
/* End PBXTargetDependency section */

/* Begin PBXVariantGroup section */
		17C5D7A62294CD6800B57F0D /* Main.storyboard */ = {
			isa = PBXVariantGroup;
			children = (
				17C5D7A72294CD6800B57F0D /* Base */,
			);
			name = Main.storyboard;
			sourceTree = "<group>";
		};
		17C5D7AB2294CD6A00B57F0D /* LaunchScreen.storyboard */ = {
			isa = PBXVariantGroup;
			children = (
				17C5D7AC2294CD6A00B57F0D /* Base */,
			);
			name = LaunchScreen.storyboard;
			sourceTree = "<group>";
		};
/* End PBXVariantGroup section */

/* Begin XCBuildConfiguration section */
		17C5D7C52294CD6A00B57F0D /* Debug */ = {
			isa = XCBuildConfiguration;
			buildSettings = {
				ALWAYS_SEARCH_USER_PATHS = NO;
				CLANG_ANALYZER_NONNULL = YES;
				CLANG_ANALYZER_NUMBER_OBJECT_CONVERSION = YES_AGGRESSIVE;
				CLANG_CXX_LANGUAGE_STANDARD = "gnu++14";
				CLANG_CXX_LIBRARY = "libc++";
				CLANG_ENABLE_MODULES = YES;
				CLANG_ENABLE_OBJC_ARC = YES;
				CLANG_ENABLE_OBJC_WEAK = YES;
				CLANG_WARN_BLOCK_CAPTURE_AUTORELEASING = YES;
				CLANG_WARN_BOOL_CONVERSION = YES;
				CLANG_WARN_COMMA = YES;
				CLANG_WARN_CONSTANT_CONVERSION = YES;
				CLANG_WARN_DEPRECATED_OBJC_IMPLEMENTATIONS = YES;
				CLANG_WARN_DIRECT_OBJC_ISA_USAGE = YES_ERROR;
				CLANG_WARN_DOCUMENTATION_COMMENTS = YES;
				CLANG_WARN_EMPTY_BODY = YES;
				CLANG_WARN_ENUM_CONVERSION = YES;
				CLANG_WARN_INFINITE_RECURSION = YES;
				CLANG_WARN_INT_CONVERSION = YES;
				CLANG_WARN_NON_LITERAL_NULL_CONVERSION = YES;
				CLANG_WARN_OBJC_IMPLICIT_RETAIN_SELF = YES;
				CLANG_WARN_OBJC_LITERAL_CONVERSION = YES;
				CLANG_WARN_OBJC_ROOT_CLASS = YES_ERROR;
				CLANG_WARN_RANGE_LOOP_ANALYSIS = YES;
				CLANG_WARN_STRICT_PROTOTYPES = YES;
				CLANG_WARN_SUSPICIOUS_MOVE = YES;
				CLANG_WARN_UNGUARDED_AVAILABILITY = YES_AGGRESSIVE;
				CLANG_WARN_UNREACHABLE_CODE = YES;
				CLANG_WARN__DUPLICATE_METHOD_MATCH = YES;
				CODE_SIGN_IDENTITY = "iPhone Developer";
				COPY_PHASE_STRIP = NO;
				DEBUG_INFORMATION_FORMAT = dwarf;
				ENABLE_STRICT_OBJC_MSGSEND = YES;
				ENABLE_TESTABILITY = YES;
				GCC_C_LANGUAGE_STANDARD = gnu11;
				GCC_DYNAMIC_NO_PIC = NO;
				GCC_NO_COMMON_BLOCKS = YES;
				GCC_OPTIMIZATION_LEVEL = 0;
				GCC_PREPROCESSOR_DEFINITIONS = (
					"DEBUG=1",
					"$(inherited)",
				);
				GCC_WARN_64_TO_32_BIT_CONVERSION = YES;
				GCC_WARN_ABOUT_RETURN_TYPE = YES_ERROR;
				GCC_WARN_UNDECLARED_SELECTOR = YES;
				GCC_WARN_UNINITIALIZED_AUTOS = YES_AGGRESSIVE;
				GCC_WARN_UNUSED_FUNCTION = YES;
				GCC_WARN_UNUSED_VARIABLE = YES;
				IPHONEOS_DEPLOYMENT_TARGET = 12.2;
				MTL_ENABLE_DEBUG_INFO = INCLUDE_SOURCE;
				MTL_FAST_MATH = YES;
				ONLY_ACTIVE_ARCH = YES;
				SDKROOT = iphoneos;
				SWIFT_ACTIVE_COMPILATION_CONDITIONS = DEBUG;
				SWIFT_OPTIMIZATION_LEVEL = "-Onone";
			};
			name = Debug;
		};
		17C5D7C62294CD6A00B57F0D /* Release */ = {
			isa = XCBuildConfiguration;
			buildSettings = {
				ALWAYS_SEARCH_USER_PATHS = NO;
				CLANG_ANALYZER_NONNULL = YES;
				CLANG_ANALYZER_NUMBER_OBJECT_CONVERSION = YES_AGGRESSIVE;
				CLANG_CXX_LANGUAGE_STANDARD = "gnu++14";
				CLANG_CXX_LIBRARY = "libc++";
				CLANG_ENABLE_MODULES = YES;
				CLANG_ENABLE_OBJC_ARC = YES;
				CLANG_ENABLE_OBJC_WEAK = YES;
				CLANG_WARN_BLOCK_CAPTURE_AUTORELEASING = YES;
				CLANG_WARN_BOOL_CONVERSION = YES;
				CLANG_WARN_COMMA = YES;
				CLANG_WARN_CONSTANT_CONVERSION = YES;
				CLANG_WARN_DEPRECATED_OBJC_IMPLEMENTATIONS = YES;
				CLANG_WARN_DIRECT_OBJC_ISA_USAGE = YES_ERROR;
				CLANG_WARN_DOCUMENTATION_COMMENTS = YES;
				CLANG_WARN_EMPTY_BODY = YES;
				CLANG_WARN_ENUM_CONVERSION = YES;
				CLANG_WARN_INFINITE_RECURSION = YES;
				CLANG_WARN_INT_CONVERSION = YES;
				CLANG_WARN_NON_LITERAL_NULL_CONVERSION = YES;
				CLANG_WARN_OBJC_IMPLICIT_RETAIN_SELF = YES;
				CLANG_WARN_OBJC_LITERAL_CONVERSION = YES;
				CLANG_WARN_OBJC_ROOT_CLASS = YES_ERROR;
				CLANG_WARN_RANGE_LOOP_ANALYSIS = YES;
				CLANG_WARN_STRICT_PROTOTYPES = YES;
				CLANG_WARN_SUSPICIOUS_MOVE = YES;
				CLANG_WARN_UNGUARDED_AVAILABILITY = YES_AGGRESSIVE;
				CLANG_WARN_UNREACHABLE_CODE = YES;
				CLANG_WARN__DUPLICATE_METHOD_MATCH = YES;
				CODE_SIGN_IDENTITY = "iPhone Developer";
				COPY_PHASE_STRIP = NO;
				DEBUG_INFORMATION_FORMAT = "dwarf-with-dsym";
				ENABLE_NS_ASSERTIONS = NO;
				ENABLE_STRICT_OBJC_MSGSEND = YES;
				GCC_C_LANGUAGE_STANDARD = gnu11;
				GCC_NO_COMMON_BLOCKS = YES;
				GCC_WARN_64_TO_32_BIT_CONVERSION = YES;
				GCC_WARN_ABOUT_RETURN_TYPE = YES_ERROR;
				GCC_WARN_UNDECLARED_SELECTOR = YES;
				GCC_WARN_UNINITIALIZED_AUTOS = YES_AGGRESSIVE;
				GCC_WARN_UNUSED_FUNCTION = YES;
				GCC_WARN_UNUSED_VARIABLE = YES;
				IPHONEOS_DEPLOYMENT_TARGET = 12.2;
				MTL_ENABLE_DEBUG_INFO = NO;
				MTL_FAST_MATH = YES;
				SDKROOT = iphoneos;
				SWIFT_COMPILATION_MODE = wholemodule;
				SWIFT_OPTIMIZATION_LEVEL = "-O";
				VALIDATE_PRODUCT = YES;
			};
			name = Release;
		};
		17C5D7C82294CD6A00B57F0D /* Debug */ = {
			isa = XCBuildConfiguration;
			buildSettings = {
				ASSETCATALOG_COMPILER_APPICON_NAME = AppIcon;
				CODE_SIGN_STYLE = Automatic;
				INFOPLIST_FILE = PocketKevinLau/Info.plist;
				LD_RUNPATH_SEARCH_PATHS = (
					"$(inherited)",
					"@executable_path/Frameworks",
				);
				PRODUCT_BUNDLE_IDENTIFIER = liao.andee.PocketKevinLau;
				PRODUCT_NAME = "$(TARGET_NAME)";
				SWIFT_VERSION = 5.0;
				TARGETED_DEVICE_FAMILY = "1,2";
			};
			name = Debug;
		};
		17C5D7C92294CD6A00B57F0D /* Release */ = {
			isa = XCBuildConfiguration;
			buildSettings = {
				ASSETCATALOG_COMPILER_APPICON_NAME = AppIcon;
				CODE_SIGN_STYLE = Automatic;
				INFOPLIST_FILE = PocketKevinLau/Info.plist;
				LD_RUNPATH_SEARCH_PATHS = (
					"$(inherited)",
					"@executable_path/Frameworks",
				);
				PRODUCT_BUNDLE_IDENTIFIER = liao.andee.PocketKevinLau;
				PRODUCT_NAME = "$(TARGET_NAME)";
				SWIFT_VERSION = 5.0;
				TARGETED_DEVICE_FAMILY = "1,2";
			};
			name = Release;
		};
		17C5D7CB2294CD6A00B57F0D /* Debug */ = {
			isa = XCBuildConfiguration;
			buildSettings = {
				ALWAYS_EMBED_SWIFT_STANDARD_LIBRARIES = YES;
				BUNDLE_LOADER = "$(TEST_HOST)";
				CODE_SIGN_STYLE = Automatic;
				INFOPLIST_FILE = PocketKevinLauTests/Info.plist;
				LD_RUNPATH_SEARCH_PATHS = (
					"$(inherited)",
					"@executable_path/Frameworks",
					"@loader_path/Frameworks",
				);
				PRODUCT_BUNDLE_IDENTIFIER = liao.andee.PocketKevinLauTests;
				PRODUCT_NAME = "$(TARGET_NAME)";
				SWIFT_VERSION = 5.0;
				TARGETED_DEVICE_FAMILY = "1,2";
				TEST_HOST = "$(BUILT_PRODUCTS_DIR)/PocketKevinLau.app/PocketKevinLau";
			};
			name = Debug;
		};
		17C5D7CC2294CD6A00B57F0D /* Release */ = {
			isa = XCBuildConfiguration;
			buildSettings = {
				ALWAYS_EMBED_SWIFT_STANDARD_LIBRARIES = YES;
				BUNDLE_LOADER = "$(TEST_HOST)";
				CODE_SIGN_STYLE = Automatic;
				INFOPLIST_FILE = PocketKevinLauTests/Info.plist;
				LD_RUNPATH_SEARCH_PATHS = (
					"$(inherited)",
					"@executable_path/Frameworks",
					"@loader_path/Frameworks",
				);
				PRODUCT_BUNDLE_IDENTIFIER = liao.andee.PocketKevinLauTests;
				PRODUCT_NAME = "$(TARGET_NAME)";
				SWIFT_VERSION = 5.0;
				TARGETED_DEVICE_FAMILY = "1,2";
				TEST_HOST = "$(BUILT_PRODUCTS_DIR)/PocketKevinLau.app/PocketKevinLau";
			};
			name = Release;
		};
		17C5D7CE2294CD6A00B57F0D /* Debug */ = {
			isa = XCBuildConfiguration;
			buildSettings = {
				ALWAYS_EMBED_SWIFT_STANDARD_LIBRARIES = YES;
				CODE_SIGN_STYLE = Automatic;
				INFOPLIST_FILE = PocketKevinLauUITests/Info.plist;
				LD_RUNPATH_SEARCH_PATHS = (
					"$(inherited)",
					"@executable_path/Frameworks",
					"@loader_path/Frameworks",
				);
				PRODUCT_BUNDLE_IDENTIFIER = liao.andee.PocketKevinLauUITests;
				PRODUCT_NAME = "$(TARGET_NAME)";
				SWIFT_VERSION = 5.0;
				TARGETED_DEVICE_FAMILY = "1,2";
				TEST_TARGET_NAME = PocketKevinLau;
			};
			name = Debug;
		};
		17C5D7CF2294CD6A00B57F0D /* Release */ = {
			isa = XCBuildConfiguration;
			buildSettings = {
				ALWAYS_EMBED_SWIFT_STANDARD_LIBRARIES = YES;
				CODE_SIGN_STYLE = Automatic;
				INFOPLIST_FILE = PocketKevinLauUITests/Info.plist;
				LD_RUNPATH_SEARCH_PATHS = (
					"$(inherited)",
					"@executable_path/Frameworks",
					"@loader_path/Frameworks",
				);
				PRODUCT_BUNDLE_IDENTIFIER = liao.andee.PocketKevinLauUITests;
				PRODUCT_NAME = "$(TARGET_NAME)";
				SWIFT_VERSION = 5.0;
				TARGETED_DEVICE_FAMILY = "1,2";
				TEST_TARGET_NAME = PocketKevinLau;
			};
			name = Release;
		};
/* End XCBuildConfiguration section */

/* Begin XCConfigurationList section */
		17C5D79A2294CD6800B57F0D /* Build configuration list for PBXProject "PocketKevinLau" */ = {
			isa = XCConfigurationList;
			buildConfigurations = (
				17C5D7C52294CD6A00B57F0D /* Debug */,
				17C5D7C62294CD6A00B57F0D /* Release */,
			);
			defaultConfigurationIsVisible = 0;
			defaultConfigurationName = Release;
		};
		17C5D7C72294CD6A00B57F0D /* Build configuration list for PBXNativeTarget "PocketKevinLau" */ = {
			isa = XCConfigurationList;
			buildConfigurations = (
				17C5D7C82294CD6A00B57F0D /* Debug */,
				17C5D7C92294CD6A00B57F0D /* Release */,
			);
			defaultConfigurationIsVisible = 0;
			defaultConfigurationName = Release;
		};
		17C5D7CA2294CD6A00B57F0D /* Build configuration list for PBXNativeTarget "PocketKevinLauTests" */ = {
			isa = XCConfigurationList;
			buildConfigurations = (
				17C5D7CB2294CD6A00B57F0D /* Debug */,
				17C5D7CC2294CD6A00B57F0D /* Release */,
			);
			defaultConfigurationIsVisible = 0;
			defaultConfigurationName = Release;
		};
		17C5D7CD2294CD6A00B57F0D /* Build configuration list for PBXNativeTarget "PocketKevinLauUITests" */ = {
			isa = XCConfigurationList;
			buildConfigurations = (
				17C5D7CE2294CD6A00B57F0D /* Debug */,
				17C5D7CF2294CD6A00B57F0D /* Release */,
			);
			defaultConfigurationIsVisible = 0;
			defaultConfigurationName = Release;
		};
/* End XCConfigurationList section */
	};
	rootObject = 17C5D7972294CD6800B57F0D /* Project object */;
}
